
Microsoft Visual Studio Solution File, Format Version 12.00
# Visual Studio Version 17
VisualStudioVersion = 17.8.34322.80
MinimumVisualStudioVersion = 10.0.40219.1
Project("{FAE04EC0-301F-11D3-BF4B-00C04F79EFBC}") = "Console", "Console\Console.csproj", "{D3021787-A0A2-41E6-8196-AA58AE215435}"
EndProject
Project("{FAE04EC0-301F-11D3-BF4B-00C04F79EFBC}") = "UnitTest", "UnitTest\UnitTest.csproj", "{F2B3419C-7763-4632-8092-445279E572F1}"
EndProject
Global
	GlobalSection(SolutionConfigurationPlatforms) = preSolution
		Debug|Any CPU = Debug|Any CPU
		Release|Any CPU = Release|Any CPU
	EndGlobalSection
	GlobalSection(ProjectConfigurationPlatforms) = postSolution
		{D3021787-A0A2-41E6-8196-AA58AE215435}.Debug|Any CPU.ActiveCfg = Debug|Any CPU
		{D3021787-A0A2-41E6-8196-AA58AE215435}.Debug|Any CPU.Build.0 = Debug|Any CPU
		{D3021787-A0A2-41E6-8196-AA58AE215435}.Release|Any CPU.ActiveCfg = Release|Any CPU
		{D3021787-A0A2-41E6-8196-AA58AE215435}.Release|Any CPU.Build.0 = Release|Any CPU
		{F2B3419C-7763-4632-8092-445279E572F1}.Debug|Any CPU.ActiveCfg = Debug|Any CPU
		{F2B3419C-7763-4632-8092-445279E572F1}.Debug|Any CPU.Build.0 = Debug|Any CPU
		{F2B3419C-7763-4632-8092-445279E572F1}.Release|Any CPU.ActiveCfg = Release|Any CPU
		{F2B3419C-7763-4632-8092-445279E572F1}.Release|Any CPU.Build.0 = Release|Any CPU
	EndGlobalSection
	GlobalSection(SolutionProperties) = preSolution
		HideSolutionNode = FALSE
	EndGlobalSection
	GlobalSection(ExtensibilityGlobals) = postSolution
		SolutionGuid = {3CC3BEF5-F888-4B3E-B9A1-77CE2051FBFE}
	EndGlobalSection
EndGlobal
